
Microsoft Visual Studio Solution File, Format Version 12.00
# Visual Studio Version 16
VisualStudioVersion = 16.0.30114.105
MinimumVisualStudioVersion = 10.0.40219.1
Project("{2150E333-8FDC-42A3-9474-1A3956D46DE8}") = "03-10-2022", "03-10-2022", "{1A27D24F-D665-4A5F-B056-D804E6B361AB}"
EndProject
Project("{FAE04EC0-301F-11D3-BF4B-00C04F79EFBC}") = "Exemplo1", "03-10-2022\Exemplo1\Exemplo1.csproj", "{E37CDB96-A96A-4E0A-91F8-874C10BA0EAB}"
EndProject
Project("{FAE04EC0-301F-11D3-BF4B-00C04F79EFBC}") = "Exemplo2", "03-10-2022\Exemplo2\Exemplo2.csproj", "{404DFA54-C2C2-4267-B6B3-0BE5AF8C53BA}"
EndProject
Project("{FAE04EC0-301F-11D3-BF4B-00C04F79EFBC}") = "Exemplo3_AspNet", "03-10-2022\Exemplo3_AspNet\Exemplo3_AspNet.csproj", "{3507DD51-500B-41FF-A31F-25BFB9002071}"
EndProject
Project("{2150E333-8FDC-42A3-9474-1A3956D46DE8}") = "04-10-2022", "04-10-2022", "{C7355107-58E6-40D8-AC9C-94FC44E0FF05}"
EndProject
Project("{FAE04EC0-301F-11D3-BF4B-00C04F79EFBC}") = "Exemplo4_AspNet", "04-10-2022\Exemplo4_AspNet\Exemplo4_AspNet.csproj", "{E01835EF-2969-4105-9C86-884DD12ABD41}"
EndProject
Project("{2150E333-8FDC-42A3-9474-1A3956D46DE8}") = "10-10-2022", "10-10-2022", "{268D68C2-E969-4FA1-9BB1-76EB24F9F587}"
EndProject
Project("{FAE04EC0-301F-11D3-BF4B-00C04F79EFBC}") = "Exemplo5_Aspnet_ELK", "10-10-2022\Exemplo5_Aspnet_ELK\Exemplo5_Aspnet_ELK.csproj", "{BC03CA09-37E0-45E4-9C41-CE84CF4921FF}"
EndProject
Global
	GlobalSection(SolutionConfigurationPlatforms) = preSolution
		Debug|Any CPU = Debug|Any CPU
		Release|Any CPU = Release|Any CPU
	EndGlobalSection
	GlobalSection(SolutionProperties) = preSolution
		HideSolutionNode = FALSE
	EndGlobalSection
	GlobalSection(ProjectConfigurationPlatforms) = postSolution
		{E37CDB96-A96A-4E0A-91F8-874C10BA0EAB}.Debug|Any CPU.ActiveCfg = Debug|Any CPU
		{E37CDB96-A96A-4E0A-91F8-874C10BA0EAB}.Debug|Any CPU.Build.0 = Debug|Any CPU
		{E37CDB96-A96A-4E0A-91F8-874C10BA0EAB}.Release|Any CPU.ActiveCfg = Release|Any CPU
		{E37CDB96-A96A-4E0A-91F8-874C10BA0EAB}.Release|Any CPU.Build.0 = Release|Any CPU
		{404DFA54-C2C2-4267-B6B3-0BE5AF8C53BA}.Debug|Any CPU.ActiveCfg = Debug|Any CPU
		{404DFA54-C2C2-4267-B6B3-0BE5AF8C53BA}.Debug|Any CPU.Build.0 = Debug|Any CPU
		{404DFA54-C2C2-4267-B6B3-0BE5AF8C53BA}.Release|Any CPU.ActiveCfg = Release|Any CPU
		{404DFA54-C2C2-4267-B6B3-0BE5AF8C53BA}.Release|Any CPU.Build.0 = Release|Any CPU
		{3507DD51-500B-41FF-A31F-25BFB9002071}.Debug|Any CPU.ActiveCfg = Debug|Any CPU
		{3507DD51-500B-41FF-A31F-25BFB9002071}.Debug|Any CPU.Build.0 = Debug|Any CPU
		{3507DD51-500B-41FF-A31F-25BFB9002071}.Release|Any CPU.ActiveCfg = Release|Any CPU
		{3507DD51-500B-41FF-A31F-25BFB9002071}.Release|Any CPU.Build.0 = Release|Any CPU
		{E01835EF-2969-4105-9C86-884DD12ABD41}.Debug|Any CPU.ActiveCfg = Debug|Any CPU
		{E01835EF-2969-4105-9C86-884DD12ABD41}.Debug|Any CPU.Build.0 = Debug|Any CPU
		{E01835EF-2969-4105-9C86-884DD12ABD41}.Release|Any CPU.ActiveCfg = Release|Any CPU
		{E01835EF-2969-4105-9C86-884DD12ABD41}.Release|Any CPU.Build.0 = Release|Any CPU
		{BC03CA09-37E0-45E4-9C41-CE84CF4921FF}.Debug|Any CPU.ActiveCfg = Debug|Any CPU
		{BC03CA09-37E0-45E4-9C41-CE84CF4921FF}.Debug|Any CPU.Build.0 = Debug|Any CPU
		{BC03CA09-37E0-45E4-9C41-CE84CF4921FF}.Release|Any CPU.ActiveCfg = Release|Any CPU
		{BC03CA09-37E0-45E4-9C41-CE84CF4921FF}.Release|Any CPU.Build.0 = Release|Any CPU
	EndGlobalSection
	GlobalSection(NestedProjects) = preSolution
		{E37CDB96-A96A-4E0A-91F8-874C10BA0EAB} = {1A27D24F-D665-4A5F-B056-D804E6B361AB}
		{404DFA54-C2C2-4267-B6B3-0BE5AF8C53BA} = {1A27D24F-D665-4A5F-B056-D804E6B361AB}
		{3507DD51-500B-41FF-A31F-25BFB9002071} = {1A27D24F-D665-4A5F-B056-D804E6B361AB}
		{E01835EF-2969-4105-9C86-884DD12ABD41} = {C7355107-58E6-40D8-AC9C-94FC44E0FF05}
		{BC03CA09-37E0-45E4-9C41-CE84CF4921FF} = {268D68C2-E969-4FA1-9BB1-76EB24F9F587}
	EndGlobalSection
EndGlobal
