
Microsoft Visual Studio Solution File, Format Version 12.00
# Visual Studio Version 17
VisualStudioVersion = 17.0.31903.59
MinimumVisualStudioVersion = 10.0.40219.1
Project("{FAE04EC0-301F-11D3-BF4B-00C04F79EFBC}") = "Demo.Payments.Api", "Demo.Payments.Api\Demo.Payments.Api.csproj", "{C5A767B9-ED45-4459-B046-315E75083E47}"
EndProject
Project("{FAE04EC0-301F-11D3-BF4B-00C04F79EFBC}") = "Demo.ProductCatalog.Api", "Demo.ProductCatalog.Api\Demo.ProductCatalog.Api.csproj", "{41815F6D-0F42-440B-84C6-5655603FFE50}"
EndProject
Project("{FAE04EC0-301F-11D3-BF4B-00C04F79EFBC}") = "Demo.ProductStock.Api", "Demo.ProductStock.Api\Demo.ProductStock.Api.csproj", "{B0B49043-E2BB-436C-A164-382BCFEF198C}"
EndProject
Project("{FAE04EC0-301F-11D3-BF4B-00C04F79EFBC}") = "Demo.SharedModel", "Demo.SharedModel\Demo.SharedModel.csproj", "{24FF2B04-4A51-4123-9887-1B856D33E7BD}"
EndProject
Global
	GlobalSection(SolutionConfigurationPlatforms) = preSolution
		Debug|Any CPU = Debug|Any CPU
		Release|Any CPU = Release|Any CPU
	EndGlobalSection
	GlobalSection(SolutionProperties) = preSolution
		HideSolutionNode = FALSE
	EndGlobalSection
	GlobalSection(ProjectConfigurationPlatforms) = postSolution
		{C5A767B9-ED45-4459-B046-315E75083E47}.Debug|Any CPU.ActiveCfg = Debug|Any CPU
		{C5A767B9-ED45-4459-B046-315E75083E47}.Debug|Any CPU.Build.0 = Debug|Any CPU
		{C5A767B9-ED45-4459-B046-315E75083E47}.Release|Any CPU.ActiveCfg = Release|Any CPU
		{C5A767B9-ED45-4459-B046-315E75083E47}.Release|Any CPU.Build.0 = Release|Any CPU
		{41815F6D-0F42-440B-84C6-5655603FFE50}.Debug|Any CPU.ActiveCfg = Debug|Any CPU
		{41815F6D-0F42-440B-84C6-5655603FFE50}.Debug|Any CPU.Build.0 = Debug|Any CPU
		{41815F6D-0F42-440B-84C6-5655603FFE50}.Release|Any CPU.ActiveCfg = Release|Any CPU
		{41815F6D-0F42-440B-84C6-5655603FFE50}.Release|Any CPU.Build.0 = Release|Any CPU
		{B0B49043-E2BB-436C-A164-382BCFEF198C}.Debug|Any CPU.ActiveCfg = Debug|Any CPU
		{B0B49043-E2BB-436C-A164-382BCFEF198C}.Debug|Any CPU.Build.0 = Debug|Any CPU
		{B0B49043-E2BB-436C-A164-382BCFEF198C}.Release|Any CPU.ActiveCfg = Release|Any CPU
		{B0B49043-E2BB-436C-A164-382BCFEF198C}.Release|Any CPU.Build.0 = Release|Any CPU
		{24FF2B04-4A51-4123-9887-1B856D33E7BD}.Debug|Any CPU.ActiveCfg = Debug|Any CPU
		{24FF2B04-4A51-4123-9887-1B856D33E7BD}.Debug|Any CPU.Build.0 = Debug|Any CPU
		{24FF2B04-4A51-4123-9887-1B856D33E7BD}.Release|Any CPU.ActiveCfg = Release|Any CPU
		{24FF2B04-4A51-4123-9887-1B856D33E7BD}.Release|Any CPU.Build.0 = Release|Any CPU
	EndGlobalSection
EndGlobal
